
Microsoft Visual Studio Solution File, Format Version 12.00
# Visual Studio Version 17
VisualStudioVersion = 17.0.31423.177
MinimumVisualStudioVersion = 10.0.40219.1
Project("{FAE04EC0-301F-11D3-BF4B-00C04F79EFBC}") = "QviKD", "QviKD\QviKD.csproj", "{84E086D6-9253-4ED3-A251-4005C14478DB}"
EndProject
Global
	GlobalSection(SolutionConfigurationPlatforms) = preSolution
		Debug|Any CPU = Debug|Any CPU
		Release|Any CPU = Release|Any CPU
	EndGlobalSection
	GlobalSection(ProjectConfigurationPlatforms) = postSolution
		{84E086D6-9253-4ED3-A251-4005C14478DB}.Debug|Any CPU.ActiveCfg = Debug|Any CPU
		{84E086D6-9253-4ED3-A251-4005C14478DB}.Debug|Any CPU.Build.0 = Debug|Any CPU
		{84E086D6-9253-4ED3-A251-4005C14478DB}.Release|Any CPU.ActiveCfg = Release|Any CPU
		{84E086D6-9253-4ED3-A251-4005C14478DB}.Release|Any CPU.Build.0 = Release|Any CPU
	EndGlobalSection
	GlobalSection(SolutionProperties) = preSolution
		HideSolutionNode = FALSE
	EndGlobalSection
	GlobalSection(ExtensibilityGlobals) = postSolution
		SolutionGuid = {CD63F688-5625-467E-9734-7BA42BB2E15C}
	EndGlobalSection
EndGlobal
